// !$*UTF8*$!
{
	archiveVersion = 1;
	classes = {
	};
	objectVersion = 56;
	objects = {

/* Begin PBXBuildFile section */
		EFEC5CA428DF0DBC004521B6 /* ContactListApp.swift in Sources */ = {isa = PBXBuildFile; fileRef = EFEC5CA328DF0DBC004521B6 /* ContactListApp.swift */; };
		EFEC5CA628DF0DBC004521B6 /* ContentView.swift in Sources */ = {isa = PBXBuildFile; fileRef = EFEC5CA528DF0DBC004521B6 /* ContentView.swift */; };
		EFEC5CA828DF0DBC004521B6 /* Assets.xcassets in Resources */ = {isa = PBXBuildFile; fileRef = EFEC5CA728DF0DBC004521B6 /* Assets.xcassets */; };
		EFEC5CAB28DF0DBC004521B6 /* Preview Assets.xcassets in Resources */ = {isa = PBXBuildFile; fileRef = EFEC5CAA28DF0DBC004521B6 /* Preview Assets.xcassets */; };
		EFEC5CB228DF1513004521B6 /* ContactView.swift in Sources */ = {isa = PBXBuildFile; fileRef = EFEC5CB128DF1513004521B6 /* ContactView.swift */; };
		EFEC5CB628DF202F004521B6 /* Person.swift in Sources */ = {isa = PBXBuildFile; fileRef = EFEC5CB528DF202F004521B6 /* Person.swift */; };
		EFEC5CB828DF207E004521B6 /* DataManager.swift in Sources */ = {isa = PBXBuildFile; fileRef = EFEC5CB728DF207E004521B6 /* DataManager.swift */; };
		EFEC5CBA28DF22CD004521B6 /* DetailsPersonInfoView.swift in Sources */ = {isa = PBXBuildFile; fileRef = EFEC5CB928DF22CD004521B6 /* DetailsPersonInfoView.swift */; };
		EFEC5CBC28DF610F004521B6 /* ContactRowView.swift in Sources */ = {isa = PBXBuildFile; fileRef = EFEC5CBB28DF610F004521B6 /* ContactRowView.swift */; };
		EFEC5CBE28DF79A7004521B6 /* NumberFullListView.swift in Sources */ = {isa = PBXBuildFile; fileRef = EFEC5CBD28DF79A7004521B6 /* NumberFullListView.swift */; };
		EFEC5CC228DF8FCD004521B6 /* ImageAndTextView.swift in Sources */ = {isa = PBXBuildFile; fileRef = EFEC5CC128DF8FCD004521B6 /* ImageAndTextView.swift */; };
/* End PBXBuildFile section */

/* Begin PBXFileReference section */
		EFEC5CA028DF0DBC004521B6 /* ContactList.app */ = {isa = PBXFileReference; explicitFileType = wrapper.application; includeInIndex = 0; path = ContactList.app; sourceTree = BUILT_PRODUCTS_DIR; };
		EFEC5CA328DF0DBC004521B6 /* ContactListApp.swift */ = {isa = PBXFileReference; lastKnownFileType = sourcecode.swift; path = ContactListApp.swift; sourceTree = "<group>"; };
		EFEC5CA528DF0DBC004521B6 /* ContentView.swift */ = {isa = PBXFileReference; lastKnownFileType = sourcecode.swift; path = ContentView.swift; sourceTree = "<group>"; };
		EFEC5CA728DF0DBC004521B6 /* Assets.xcassets */ = {isa = PBXFileReference; lastKnownFileType = folder.assetcatalog; path = Assets.xcassets; sourceTree = "<group>"; };
		EFEC5CAA28DF0DBC004521B6 /* Preview Assets.xcassets */ = {isa = PBXFileReference; lastKnownFileType = folder.assetcatalog; path = "Preview Assets.xcassets"; sourceTree = "<group>"; };
		EFEC5CB128DF1513004521B6 /* ContactView.swift */ = {isa = PBXFileReference; lastKnownFileType = sourcecode.swift; path = ContactView.swift; sourceTree = "<group>"; };
		EFEC5CB528DF202F004521B6 /* Person.swift */ = {isa = PBXFileReference; lastKnownFileType = sourcecode.swift; path = Person.swift; sourceTree = "<group>"; };
		EFEC5CB728DF207E004521B6 /* DataManager.swift */ = {isa = PBXFileReference; lastKnownFileType = sourcecode.swift; path = DataManager.swift; sourceTree = "<group>"; };
		EFEC5CB928DF22CD004521B6 /* DetailsPersonInfoView.swift */ = {isa = PBXFileReference; lastKnownFileType = sourcecode.swift; path = DetailsPersonInfoView.swift; sourceTree = "<group>"; };
		EFEC5CBB28DF610F004521B6 /* ContactRowView.swift */ = {isa = PBXFileReference; lastKnownFileType = sourcecode.swift; path = ContactRowView.swift; sourceTree = "<group>"; };
		EFEC5CBD28DF79A7004521B6 /* NumberFullListView.swift */ = {isa = PBXFileReference; lastKnownFileType = sourcecode.swift; path = NumberFullListView.swift; sourceTree = "<group>"; };
		EFEC5CC128DF8FCD004521B6 /* ImageAndTextView.swift */ = {isa = PBXFileReference; lastKnownFileType = sourcecode.swift; path = ImageAndTextView.swift; sourceTree = "<group>"; };
/* End PBXFileReference section */

/* Begin PBXFrameworksBuildPhase section */
		EFEC5C9D28DF0DBC004521B6 /* Frameworks */ = {
			isa = PBXFrameworksBuildPhase;
			buildActionMask = 2147483647;
			files = (
			);
			runOnlyForDeploymentPostprocessing = 0;
		};
/* End PBXFrameworksBuildPhase section */

/* Begin PBXGroup section */
		EFEC5C9728DF0DBC004521B6 = {
			isa = PBXGroup;
			children = (
				EFEC5CA228DF0DBC004521B6 /* ContactList */,
				EFEC5CA128DF0DBC004521B6 /* Products */,
			);
			sourceTree = "<group>";
		};
		EFEC5CA128DF0DBC004521B6 /* Products */ = {
			isa = PBXGroup;
			children = (
				EFEC5CA028DF0DBC004521B6 /* ContactList.app */,
			);
			name = Products;
			sourceTree = "<group>";
		};
		EFEC5CA228DF0DBC004521B6 /* ContactList */ = {
			isa = PBXGroup;
			children = (
				EFEC5CC028DF8E1F004521B6 /* Models */,
				EFEC5CBF28DF8DDE004521B6 /* Services */,
				EFEC5CBB28DF610F004521B6 /* ContactRowView.swift */,
				EFEC5CBD28DF79A7004521B6 /* NumberFullListView.swift */,
				EFEC5CA328DF0DBC004521B6 /* ContactListApp.swift */,
				EFEC5CA528DF0DBC004521B6 /* ContentView.swift */,
				EFEC5CB128DF1513004521B6 /* ContactView.swift */,
				EFEC5CB928DF22CD004521B6 /* DetailsPersonInfoView.swift */,
				EFEC5CC128DF8FCD004521B6 /* ImageAndTextView.swift */,
				EFEC5CA728DF0DBC004521B6 /* Assets.xcassets */,
				EFEC5CA928DF0DBC004521B6 /* Preview Content */,
			);
			path = ContactList;
			sourceTree = "<group>";
		};
		EFEC5CA928DF0DBC004521B6 /* Preview Content */ = {
			isa = PBXGroup;
			children = (
				EFEC5CAA28DF0DBC004521B6 /* Preview Assets.xcassets */,
			);
			path = "Preview Content";
			sourceTree = "<group>";
		};
		EFEC5CBF28DF8DDE004521B6 /* Services */ = {
			isa = PBXGroup;
			children = (
				EFEC5CB728DF207E004521B6 /* DataManager.swift */,
			);
			path = Services;
			sourceTree = "<group>";
		};
		EFEC5CC028DF8E1F004521B6 /* Models */ = {
			isa = PBXGroup;
			children = (
				EFEC5CB528DF202F004521B6 /* Person.swift */,
			);
			path = Models;
			sourceTree = "<group>";
		};
/* End PBXGroup section */

/* Begin PBXNativeTarget section */
		EFEC5C9F28DF0DBC004521B6 /* ContactList */ = {
			isa = PBXNativeTarget;
			buildConfigurationList = EFEC5CAE28DF0DBC004521B6 /* Build configuration list for PBXNativeTarget "ContactList" */;
			buildPhases = (
				EFEC5C9C28DF0DBC004521B6 /* Sources */,
				EFEC5C9D28DF0DBC004521B6 /* Frameworks */,
				EFEC5C9E28DF0DBC004521B6 /* Resources */,
			);
			buildRules = (
			);
			dependencies = (
			);
			name = ContactList;
			productName = ContactList;
			productReference = EFEC5CA028DF0DBC004521B6 /* ContactList.app */;
			productType = "com.apple.product-type.application";
		};
/* End PBXNativeTarget section */

/* Begin PBXProject section */
		EFEC5C9828DF0DBC004521B6 /* Project object */ = {
			isa = PBXProject;
			attributes = {
				BuildIndependentTargetsInParallel = 1;
				LastSwiftUpdateCheck = 1400;
				LastUpgradeCheck = 1400;
				TargetAttributes = {
					EFEC5C9F28DF0DBC004521B6 = {
						CreatedOnToolsVersion = 14.0;
					};
				};
			};
			buildConfigurationList = EFEC5C9B28DF0DBC004521B6 /* Build configuration list for PBXProject "ContactList" */;
			compatibilityVersion = "Xcode 14.0";
			developmentRegion = en;
			hasScannedForEncodings = 0;
			knownRegions = (
				en,
				Base,
			);
			mainGroup = EFEC5C9728DF0DBC004521B6;
			productRefGroup = EFEC5CA128DF0DBC004521B6 /* Products */;
			projectDirPath = "";
			projectRoot = "";
			targets = (
				EFEC5C9F28DF0DBC004521B6 /* ContactList */,
			);
		};
/* End PBXProject section */

/* Begin PBXResourcesBuildPhase section */
		EFEC5C9E28DF0DBC004521B6 /* Resources */ = {
			isa = PBXResourcesBuildPhase;
			buildActionMask = 2147483647;
			files = (
				EFEC5CAB28DF0DBC004521B6 /* Preview Assets.xcassets in Resources */,
				EFEC5CA828DF0DBC004521B6 /* Assets.xcassets in Resources */,
			);
			runOnlyForDeploymentPostprocessing = 0;
		};
/* End PBXResourcesBuildPhase section */

/* Begin PBXSourcesBuildPhase section */
		EFEC5C9C28DF0DBC004521B6 /* Sources */ = {
			isa = PBXSourcesBuildPhase;
			buildActionMask = 2147483647;
			files = (
				EFEC5CB628DF202F004521B6 /* Person.swift in Sources */,
				EFEC5CB828DF207E004521B6 /* DataManager.swift in Sources */,
				EFEC5CA628DF0DBC004521B6 /* ContentView.swift in Sources */,
				EFEC5CB228DF1513004521B6 /* ContactView.swift in Sources */,
				EFEC5CA428DF0DBC004521B6 /* ContactListApp.swift in Sources */,
				EFEC5CBA28DF22CD004521B6 /* DetailsPersonInfoView.swift in Sources */,
				EFEC5CBC28DF610F004521B6 /* ContactRowView.swift in Sources */,
				EFEC5CBE28DF79A7004521B6 /* NumberFullListView.swift in Sources */,
				EFEC5CC228DF8FCD004521B6 /* ImageAndTextView.swift in Sources */,
			);
			runOnlyForDeploymentPostprocessing = 0;
		};
/* End PBXSourcesBuildPhase section */

/* Begin XCBuildConfiguration section */
		EFEC5CAC28DF0DBC004521B6 /* Debug */ = {
			isa = XCBuildConfiguration;
			buildSettings = {
				ALWAYS_SEARCH_USER_PATHS = NO;
				CLANG_ANALYZER_NONNULL = YES;
				CLANG_ANALYZER_NUMBER_OBJECT_CONVERSION = YES_AGGRESSIVE;
				CLANG_CXX_LANGUAGE_STANDARD = "gnu++20";
				CLANG_ENABLE_MODULES = YES;
				CLANG_ENABLE_OBJC_ARC = YES;
				CLANG_ENABLE_OBJC_WEAK = YES;
				CLANG_WARN_BLOCK_CAPTURE_AUTORELEASING = YES;
				CLANG_WARN_BOOL_CONVERSION = YES;
				CLANG_WARN_COMMA = YES;
				CLANG_WARN_CONSTANT_CONVERSION = YES;
				CLANG_WARN_DEPRECATED_OBJC_IMPLEMENTATIONS = YES;
				CLANG_WARN_DIRECT_OBJC_ISA_USAGE = YES_ERROR;
				CLANG_WARN_DOCUMENTATION_COMMENTS = YES;
				CLANG_WARN_EMPTY_BODY = YES;
				CLANG_WARN_ENUM_CONVERSION = YES;
				CLANG_WARN_INFINITE_RECURSION = YES;
				CLANG_WARN_INT_CONVERSION = YES;
				CLANG_WARN_NON_LITERAL_NULL_CONVERSION = YES;
				CLANG_WARN_OBJC_IMPLICIT_RETAIN_SELF = YES;
				CLANG_WARN_OBJC_LITERAL_CONVERSION = YES;
				CLANG_WARN_OBJC_ROOT_CLASS = YES_ERROR;
				CLANG_WARN_QUOTED_INCLUDE_IN_FRAMEWORK_HEADER = YES;
				CLANG_WARN_RANGE_LOOP_ANALYSIS = YES;
				CLANG_WARN_STRICT_PROTOTYPES = YES;
				CLANG_WARN_SUSPICIOUS_MOVE = YES;
				CLANG_WARN_UNGUARDED_AVAILABILITY = YES_AGGRESSIVE;
				CLANG_WARN_UNREACHABLE_CODE = YES;
				CLANG_WARN__DUPLICATE_METHOD_MATCH = YES;
				COPY_PHASE_STRIP = NO;
				DEBUG_INFORMATION_FORMAT = dwarf;
				ENABLE_STRICT_OBJC_MSGSEND = YES;
				ENABLE_TESTABILITY = YES;
				GCC_C_LANGUAGE_STANDARD = gnu11;
				GCC_DYNAMIC_NO_PIC = NO;
				GCC_NO_COMMON_BLOCKS = YES;
				GCC_OPTIMIZATION_LEVEL = 0;
				GCC_PREPROCESSOR_DEFINITIONS = (
					"DEBUG=1",
					"$(inherited)",
				);
				GCC_WARN_64_TO_32_BIT_CONVERSION = YES;
				GCC_WARN_ABOUT_RETURN_TYPE = YES_ERROR;
				GCC_WARN_UNDECLARED_SELECTOR = YES;
				GCC_WARN_UNINITIALIZED_AUTOS = YES_AGGRESSIVE;
				GCC_WARN_UNUSED_FUNCTION = YES;
				GCC_WARN_UNUSED_VARIABLE = YES;
				IPHONEOS_DEPLOYMENT_TARGET = 16.0;
				MTL_ENABLE_DEBUG_INFO = INCLUDE_SOURCE;
				MTL_FAST_MATH = YES;
				ONLY_ACTIVE_ARCH = YES;
				SDKROOT = iphoneos;
				SWIFT_ACTIVE_COMPILATION_CONDITIONS = DEBUG;
				SWIFT_OPTIMIZATION_LEVEL = "-Onone";
			};
			name = Debug;
		};
		EFEC5CAD28DF0DBC004521B6 /* Release */ = {
			isa = XCBuildConfiguration;
			buildSettings = {
				ALWAYS_SEARCH_USER_PATHS = NO;
				CLANG_ANALYZER_NONNULL = YES;
				CLANG_ANALYZER_NUMBER_OBJECT_CONVERSION = YES_AGGRESSIVE;
				CLANG_CXX_LANGUAGE_STANDARD = "gnu++20";
				CLANG_ENABLE_MODULES = YES;
				CLANG_ENABLE_OBJC_ARC = YES;
				CLANG_ENABLE_OBJC_WEAK = YES;
				CLANG_WARN_BLOCK_CAPTURE_AUTORELEASING = YES;
				CLANG_WARN_BOOL_CONVERSION = YES;
				CLANG_WARN_COMMA = YES;
				CLANG_WARN_CONSTANT_CONVERSION = YES;
				CLANG_WARN_DEPRECATED_OBJC_IMPLEMENTATIONS = YES;
				CLANG_WARN_DIRECT_OBJC_ISA_USAGE = YES_ERROR;
				CLANG_WARN_DOCUMENTATION_COMMENTS = YES;
				CLANG_WARN_EMPTY_BODY = YES;
				CLANG_WARN_ENUM_CONVERSION = YES;
				CLANG_WARN_INFINITE_RECURSION = YES;
				CLANG_WARN_INT_CONVERSION = YES;
				CLANG_WARN_NON_LITERAL_NULL_CONVERSION = YES;
				CLANG_WARN_OBJC_IMPLICIT_RETAIN_SELF = YES;
				CLANG_WARN_OBJC_LITERAL_CONVERSION = YES;
				CLANG_WARN_OBJC_ROOT_CLASS = YES_ERROR;
				CLANG_WARN_QUOTED_INCLUDE_IN_FRAMEWORK_HEADER = YES;
				CLANG_WARN_RANGE_LOOP_ANALYSIS = YES;
				CLANG_WARN_STRICT_PROTOTYPES = YES;
				CLANG_WARN_SUSPICIOUS_MOVE = YES;
				CLANG_WARN_UNGUARDED_AVAILABILITY = YES_AGGRESSIVE;
				CLANG_WARN_UNREACHABLE_CODE = YES;
				CLANG_WARN__DUPLICATE_METHOD_MATCH = YES;
				COPY_PHASE_STRIP = NO;
				DEBUG_INFORMATION_FORMAT = "dwarf-with-dsym";
				ENABLE_NS_ASSERTIONS = NO;
				ENABLE_STRICT_OBJC_MSGSEND = YES;
				GCC_C_LANGUAGE_STANDARD = gnu11;
				GCC_NO_COMMON_BLOCKS = YES;
				GCC_WARN_64_TO_32_BIT_CONVERSION = YES;
				GCC_WARN_ABOUT_RETURN_TYPE = YES_ERROR;
				GCC_WARN_UNDECLARED_SELECTOR = YES;
				GCC_WARN_UNINITIALIZED_AUTOS = YES_AGGRESSIVE;
				GCC_WARN_UNUSED_FUNCTION = YES;
				GCC_WARN_UNUSED_VARIABLE = YES;
				IPHONEOS_DEPLOYMENT_TARGET = 16.0;
				MTL_ENABLE_DEBUG_INFO = NO;
				MTL_FAST_MATH = YES;
				SDKROOT = iphoneos;
				SWIFT_COMPILATION_MODE = wholemodule;
				SWIFT_OPTIMIZATION_LEVEL = "-O";
				VALIDATE_PRODUCT = YES;
			};
			name = Release;
		};
		EFEC5CAF28DF0DBC004521B6 /* Debug */ = {
			isa = XCBuildConfiguration;
			buildSettings = {
				ASSETCATALOG_COMPILER_APPICON_NAME = AppIcon;
				ASSETCATALOG_COMPILER_GLOBAL_ACCENT_COLOR_NAME = AccentColor;
				CODE_SIGN_STYLE = Automatic;
				CURRENT_PROJECT_VERSION = 1;
				DEVELOPMENT_ASSET_PATHS = "\"ContactList/Preview Content\"";
				DEVELOPMENT_TEAM = XL6Q59VDPK;
				ENABLE_PREVIEWS = YES;
				GENERATE_INFOPLIST_FILE = YES;
				INFOPLIST_KEY_UIApplicationSceneManifest_Generation = YES;
				INFOPLIST_KEY_UIApplicationSupportsIndirectInputEvents = YES;
				INFOPLIST_KEY_UILaunchScreen_Generation = YES;
				INFOPLIST_KEY_UISupportedInterfaceOrientations_iPad = "UIInterfaceOrientationPortrait UIInterfaceOrientationPortraitUpsideDown UIInterfaceOrientationLandscapeLeft UIInterfaceOrientationLandscapeRight";
				INFOPLIST_KEY_UISupportedInterfaceOrientations_iPhone = "UIInterfaceOrientationPortrait UIInterfaceOrientationLandscapeLeft UIInterfaceOrientationLandscapeRight";
				LD_RUNPATH_SEARCH_PATHS = (
					"$(inherited)",
					"@executable_path/Frameworks",
				);
				MARKETING_VERSION = 1.0;
				PRODUCT_BUNDLE_IDENTIFIER = Test.test.ContactList;
				PRODUCT_NAME = "$(TARGET_NAME)";
				SWIFT_EMIT_LOC_STRINGS = YES;
				SWIFT_VERSION = 5.0;
				TARGETED_DEVICE_FAMILY = "1,2";
			};
			name = Debug;
		};
		EFEC5CB028DF0DBC004521B6 /* Release */ = {
			isa = XCBuildConfiguration;
			buildSettings = {
				ASSETCATALOG_COMPILER_APPICON_NAME = AppIcon;
				ASSETCATALOG_COMPILER_GLOBAL_ACCENT_COLOR_NAME = AccentColor;
				CODE_SIGN_STYLE = Automatic;
				CURRENT_PROJECT_VERSION = 1;
				DEVELOPMENT_ASSET_PATHS = "\"ContactList/Preview Content\"";
				DEVELOPMENT_TEAM = XL6Q59VDPK;
				ENABLE_PREVIEWS = YES;
				GENERATE_INFOPLIST_FILE = YES;
				INFOPLIST_KEY_UIApplicationSceneManifest_Generation = YES;
				INFOPLIST_KEY_UIApplicationSupportsIndirectInputEvents = YES;
				INFOPLIST_KEY_UILaunchScreen_Generation = YES;
				INFOPLIST_KEY_UISupportedInterfaceOrientations_iPad = "UIInterfaceOrientationPortrait UIInterfaceOrientationPortraitUpsideDown UIInterfaceOrientationLandscapeLeft UIInterfaceOrientationLandscapeRight";
				INFOPLIST_KEY_UISupportedInterfaceOrientations_iPhone = "UIInterfaceOrientationPortrait UIInterfaceOrientationLandscapeLeft UIInterfaceOrientationLandscapeRight";
				LD_RUNPATH_SEARCH_PATHS = (
					"$(inherited)",
					"@executable_path/Frameworks",
				);
				MARKETING_VERSION = 1.0;
				PRODUCT_BUNDLE_IDENTIFIER = Test.test.ContactList;
				PRODUCT_NAME = "$(TARGET_NAME)";
				SWIFT_EMIT_LOC_STRINGS = YES;
				SWIFT_VERSION = 5.0;
				TARGETED_DEVICE_FAMILY = "1,2";
			};
			name = Release;
		};
/* End XCBuildConfiguration section */

/* Begin XCConfigurationList section */
		EFEC5C9B28DF0DBC004521B6 /* Build configuration list for PBXProject "ContactList" */ = {
			isa = XCConfigurationList;
			buildConfigurations = (
				EFEC5CAC28DF0DBC004521B6 /* Debug */,
				EFEC5CAD28DF0DBC004521B6 /* Release */,
			);
			defaultConfigurationIsVisible = 0;
			defaultConfigurationName = Release;
		};
		EFEC5CAE28DF0DBC004521B6 /* Build configuration list for PBXNativeTarget "ContactList" */ = {
			isa = XCConfigurationList;
			buildConfigurations = (
				EFEC5CAF28DF0DBC004521B6 /* Debug */,
				EFEC5CB028DF0DBC004521B6 /* Release */,
			);
			defaultConfigurationIsVisible = 0;
			defaultConfigurationName = Release;
		};
/* End XCConfigurationList section */
	};
	rootObject = EFEC5C9828DF0DBC004521B6 /* Project object */;
}
